// !$*UTF8*$!
{
	archiveVersion = 1;
	classes = {
	};
	objectVersion = 46;
	objects = {

/* Begin PBXBuildFile section */
		A5E41EFBB1A4B91F36362D54 /* Pods_ChoosePet.framework in Frameworks */ = {isa = PBXBuildFile; fileRef = BC34CF77D0B7F78AA74D3E07 /* Pods_ChoosePet.framework */; };
		C69073DD1CFFAE150013C981 /* AppDelegate.swift in Sources */ = {isa = PBXBuildFile; fileRef = C69073DC1CFFAE150013C981 /* AppDelegate.swift */; };
		C69073DF1CFFAE150013C981 /* ViewController.swift in Sources */ = {isa = PBXBuildFile; fileRef = C69073DE1CFFAE150013C981 /* ViewController.swift */; };
		C69073E21CFFAE150013C981 /* Main.storyboard in Resources */ = {isa = PBXBuildFile; fileRef = C69073E01CFFAE150013C981 /* Main.storyboard */; };
		C69073E51CFFAE150013C981 /* ChoosePet.xcdatamodeld in Sources */ = {isa = PBXBuildFile; fileRef = C69073E31CFFAE150013C981 /* ChoosePet.xcdatamodeld */; };
		C69073E71CFFAE150013C981 /* Assets.xcassets in Resources */ = {isa = PBXBuildFile; fileRef = C69073E61CFFAE150013C981 /* Assets.xcassets */; };
		C69073EA1CFFAE150013C981 /* LaunchScreen.storyboard in Resources */ = {isa = PBXBuildFile; fileRef = C69073E81CFFAE150013C981 /* LaunchScreen.storyboard */; };
		C69073F51CFFAE150013C981 /* ChoosePetTests.swift in Sources */ = {isa = PBXBuildFile; fileRef = C69073F41CFFAE150013C981 /* ChoosePetTests.swift */; };
		C69074001CFFAE150013C981 /* ChoosePetUITests.swift in Sources */ = {isa = PBXBuildFile; fileRef = C69073FF1CFFAE150013C981 /* ChoosePetUITests.swift */; };
		C690740E1CFFAECC0013C981 /* GoogleService-Info.plist in Resources */ = {isa = PBXBuildFile; fileRef = C690740D1CFFAECC0013C981 /* GoogleService-Info.plist */; };
		C69074121CFFCC960013C981 /* TabBarController.swift in Sources */ = {isa = PBXBuildFile; fileRef = C69074111CFFCC960013C981 /* TabBarController.swift */; };
		C69074151CFFCE4E0013C981 /* UIColor.swift in Sources */ = {isa = PBXBuildFile; fileRef = C69074141CFFCE4E0013C981 /* UIColor.swift */; };
/* End PBXBuildFile section */

/* Begin PBXContainerItemProxy section */
		C69073F11CFFAE150013C981 /* PBXContainerItemProxy */ = {
			isa = PBXContainerItemProxy;
			containerPortal = C69073D11CFFAE150013C981 /* Project object */;
			proxyType = 1;
			remoteGlobalIDString = C69073D81CFFAE150013C981;
			remoteInfo = ChoosePet;
		};
		C69073FC1CFFAE150013C981 /* PBXContainerItemProxy */ = {
			isa = PBXContainerItemProxy;
			containerPortal = C69073D11CFFAE150013C981 /* Project object */;
			proxyType = 1;
			remoteGlobalIDString = C69073D81CFFAE150013C981;
			remoteInfo = ChoosePet;
		};
/* End PBXContainerItemProxy section */

/* Begin PBXFileReference section */
		5C413590531DE70A2C9C0A75 /* Pods-ChoosePet.debug.xcconfig */ = {isa = PBXFileReference; includeInIndex = 1; lastKnownFileType = text.xcconfig; name = "Pods-ChoosePet.debug.xcconfig"; path = "Pods/Target Support Files/Pods-ChoosePet/Pods-ChoosePet.debug.xcconfig"; sourceTree = "<group>"; };
		BC34CF77D0B7F78AA74D3E07 /* Pods_ChoosePet.framework */ = {isa = PBXFileReference; explicitFileType = wrapper.framework; includeInIndex = 0; path = Pods_ChoosePet.framework; sourceTree = BUILT_PRODUCTS_DIR; };
		C69073D91CFFAE150013C981 /* ChoosePet.app */ = {isa = PBXFileReference; explicitFileType = wrapper.application; includeInIndex = 0; path = ChoosePet.app; sourceTree = BUILT_PRODUCTS_DIR; };
		C69073DC1CFFAE150013C981 /* AppDelegate.swift */ = {isa = PBXFileReference; lastKnownFileType = sourcecode.swift; path = AppDelegate.swift; sourceTree = "<group>"; };
		C69073DE1CFFAE150013C981 /* ViewController.swift */ = {isa = PBXFileReference; lastKnownFileType = sourcecode.swift; path = ViewController.swift; sourceTree = "<group>"; };
		C69073E11CFFAE150013C981 /* Base */ = {isa = PBXFileReference; lastKnownFileType = file.storyboard; name = Base; path = Base.lproj/Main.storyboard; sourceTree = "<group>"; };
		C69073E41CFFAE150013C981 /* ChoosePet.xcdatamodel */ = {isa = PBXFileReference; lastKnownFileType = wrapper.xcdatamodel; path = ChoosePet.xcdatamodel; sourceTree = "<group>"; };
		C69073E61CFFAE150013C981 /* Assets.xcassets */ = {isa = PBXFileReference; lastKnownFileType = folder.assetcatalog; path = Assets.xcassets; sourceTree = "<group>"; };
		C69073E91CFFAE150013C981 /* Base */ = {isa = PBXFileReference; lastKnownFileType = file.storyboard; name = Base; path = Base.lproj/LaunchScreen.storyboard; sourceTree = "<group>"; };
		C69073EB1CFFAE150013C981 /* Info.plist */ = {isa = PBXFileReference; lastKnownFileType = text.plist.xml; path = Info.plist; sourceTree = "<group>"; };
		C69073F01CFFAE150013C981 /* ChoosePetTests.xctest */ = {isa = PBXFileReference; explicitFileType = wrapper.cfbundle; includeInIndex = 0; path = ChoosePetTests.xctest; sourceTree = BUILT_PRODUCTS_DIR; };
		C69073F41CFFAE150013C981 /* ChoosePetTests.swift */ = {isa = PBXFileReference; lastKnownFileType = sourcecode.swift; path = ChoosePetTests.swift; sourceTree = "<group>"; };
		C69073F61CFFAE150013C981 /* Info.plist */ = {isa = PBXFileReference; lastKnownFileType = text.plist.xml; path = Info.plist; sourceTree = "<group>"; };
		C69073FB1CFFAE150013C981 /* ChoosePetUITests.xctest */ = {isa = PBXFileReference; explicitFileType = wrapper.cfbundle; includeInIndex = 0; path = ChoosePetUITests.xctest; sourceTree = BUILT_PRODUCTS_DIR; };
		C69073FF1CFFAE150013C981 /* ChoosePetUITests.swift */ = {isa = PBXFileReference; lastKnownFileType = sourcecode.swift; path = ChoosePetUITests.swift; sourceTree = "<group>"; };
		C69074011CFFAE150013C981 /* Info.plist */ = {isa = PBXFileReference; lastKnownFileType = text.plist.xml; path = Info.plist; sourceTree = "<group>"; };
		C690740D1CFFAECC0013C981 /* GoogleService-Info.plist */ = {isa = PBXFileReference; fileEncoding = 4; lastKnownFileType = text.plist.xml; path = "GoogleService-Info.plist"; sourceTree = "<group>"; };
		C69074111CFFCC960013C981 /* TabBarController.swift */ = {isa = PBXFileReference; fileEncoding = 4; lastKnownFileType = sourcecode.swift; path = TabBarController.swift; sourceTree = "<group>"; };
		C69074141CFFCE4E0013C981 /* UIColor.swift */ = {isa = PBXFileReference; fileEncoding = 4; lastKnownFileType = sourcecode.swift; path = UIColor.swift; sourceTree = "<group>"; };
		FB4140997ADCE63A97B1C09F /* Pods-ChoosePet.release.xcconfig */ = {isa = PBXFileReference; includeInIndex = 1; lastKnownFileType = text.xcconfig; name = "Pods-ChoosePet.release.xcconfig"; path = "Pods/Target Support Files/Pods-ChoosePet/Pods-ChoosePet.release.xcconfig"; sourceTree = "<group>"; };
/* End PBXFileReference section */

/* Begin PBXFrameworksBuildPhase section */
		C69073D61CFFAE150013C981 /* Frameworks */ = {
			isa = PBXFrameworksBuildPhase;
			buildActionMask = 2147483647;
			files = (
				A5E41EFBB1A4B91F36362D54 /* Pods_ChoosePet.framework in Frameworks */,
			);
			runOnlyForDeploymentPostprocessing = 0;
		};
		C69073ED1CFFAE150013C981 /* Frameworks */ = {
			isa = PBXFrameworksBuildPhase;
			buildActionMask = 2147483647;
			files = (
			);
			runOnlyForDeploymentPostprocessing = 0;
		};
		C69073F81CFFAE150013C981 /* Frameworks */ = {
			isa = PBXFrameworksBuildPhase;
			buildActionMask = 2147483647;
			files = (
			);
			runOnlyForDeploymentPostprocessing = 0;
		};
/* End PBXFrameworksBuildPhase section */

/* Begin PBXGroup section */
		199127B5C8EF0254D044E1BB /* Pods */ = {
			isa = PBXGroup;
			children = (
				5C413590531DE70A2C9C0A75 /* Pods-ChoosePet.debug.xcconfig */,
				FB4140997ADCE63A97B1C09F /* Pods-ChoosePet.release.xcconfig */,
			);
			name = Pods;
			sourceTree = "<group>";
		};
		B75572F25C998E6F6768822F /* Frameworks */ = {
			isa = PBXGroup;
			children = (
				BC34CF77D0B7F78AA74D3E07 /* Pods_ChoosePet.framework */,
			);
			name = Frameworks;
			sourceTree = "<group>";
		};
		C69073D01CFFAE150013C981 = {
			isa = PBXGroup;
			children = (
				C69074131CFFCDCF0013C981 /* Assets */,
				C69073DB1CFFAE150013C981 /* ChoosePet */,
				C69073F31CFFAE150013C981 /* ChoosePetTests */,
				C69073FE1CFFAE150013C981 /* ChoosePetUITests */,
				C69073DA1CFFAE150013C981 /* Products */,
				199127B5C8EF0254D044E1BB /* Pods */,
				B75572F25C998E6F6768822F /* Frameworks */,
			);
			sourceTree = "<group>";
		};
		C69073DA1CFFAE150013C981 /* Products */ = {
			isa = PBXGroup;
			children = (
				C69073D91CFFAE150013C981 /* ChoosePet.app */,
				C69073F01CFFAE150013C981 /* ChoosePetTests.xctest */,
				C69073FB1CFFAE150013C981 /* ChoosePetUITests.xctest */,
			);
			name = Products;
			sourceTree = "<group>";
		};
		C69073DB1CFFAE150013C981 /* ChoosePet */ = {
			isa = PBXGroup;
			children = (
				C690740D1CFFAECC0013C981 /* GoogleService-Info.plist */,
				C69073DC1CFFAE150013C981 /* AppDelegate.swift */,
				C69073DE1CFFAE150013C981 /* ViewController.swift */,
				C69073E01CFFAE150013C981 /* Main.storyboard */,
				C69073E61CFFAE150013C981 /* Assets.xcassets */,
				C69073E81CFFAE150013C981 /* LaunchScreen.storyboard */,
				C69073EB1CFFAE150013C981 /* Info.plist */,
				C69073E31CFFAE150013C981 /* ChoosePet.xcdatamodeld */,
				C69074111CFFCC960013C981 /* TabBarController.swift */,
			);
			path = ChoosePet;
			sourceTree = "<group>";
		};
		C69073F31CFFAE150013C981 /* ChoosePetTests */ = {
			isa = PBXGroup;
			children = (
				C69073F41CFFAE150013C981 /* ChoosePetTests.swift */,
				C69073F61CFFAE150013C981 /* Info.plist */,
			);
			path = ChoosePetTests;
			sourceTree = "<group>";
		};
		C69073FE1CFFAE150013C981 /* ChoosePetUITests */ = {
			isa = PBXGroup;
			children = (
				C69073FF1CFFAE150013C981 /* ChoosePetUITests.swift */,
				C69074011CFFAE150013C981 /* Info.plist */,
			);
			path = ChoosePetUITests;
			sourceTree = "<group>";
		};
		C69074131CFFCDCF0013C981 /* Assets */ = {
			isa = PBXGroup;
			children = (
				C69074141CFFCE4E0013C981 /* UIColor.swift */,
			);
			name = Assets;
			sourceTree = "<group>";
		};
/* End PBXGroup section */

/* Begin PBXNativeTarget section */
		C69073D81CFFAE150013C981 /* ChoosePet */ = {
			isa = PBXNativeTarget;
			buildConfigurationList = C69074041CFFAE150013C981 /* Build configuration list for PBXNativeTarget "ChoosePet" */;
			buildPhases = (
				0276C577CF48ADB81BF72386 /* 📦 Check Pods Manifest.lock */,
				C69073D51CFFAE150013C981 /* Sources */,
				C69073D61CFFAE150013C981 /* Frameworks */,
				C69073D71CFFAE150013C981 /* Resources */,
				BDFFBD40FB3D2442A454D22D /* 📦 Embed Pods Frameworks */,
				CE9DAA66AADDF4C2FA10189F /* 📦 Copy Pods Resources */,
			);
			buildRules = (
			);
			dependencies = (
			);
			name = ChoosePet;
			productName = ChoosePet;
			productReference = C69073D91CFFAE150013C981 /* ChoosePet.app */;
			productType = "com.apple.product-type.application";
		};
		C69073EF1CFFAE150013C981 /* ChoosePetTests */ = {
			isa = PBXNativeTarget;
			buildConfigurationList = C69074071CFFAE150013C981 /* Build configuration list for PBXNativeTarget "ChoosePetTests" */;
			buildPhases = (
				C69073EC1CFFAE150013C981 /* Sources */,
				C69073ED1CFFAE150013C981 /* Frameworks */,
				C69073EE1CFFAE150013C981 /* Resources */,
			);
			buildRules = (
			);
			dependencies = (
				C69073F21CFFAE150013C981 /* PBXTargetDependency */,
			);
			name = ChoosePetTests;
			productName = ChoosePetTests;
			productReference = C69073F01CFFAE150013C981 /* ChoosePetTests.xctest */;
			productType = "com.apple.product-type.bundle.unit-test";
		};
		C69073FA1CFFAE150013C981 /* ChoosePetUITests */ = {
			isa = PBXNativeTarget;
			buildConfigurationList = C690740A1CFFAE150013C981 /* Build configuration list for PBXNativeTarget "ChoosePetUITests" */;
			buildPhases = (
				C69073F71CFFAE150013C981 /* Sources */,
				C69073F81CFFAE150013C981 /* Frameworks */,
				C69073F91CFFAE150013C981 /* Resources */,
			);
			buildRules = (
			);
			dependencies = (
				C69073FD1CFFAE150013C981 /* PBXTargetDependency */,
			);
			name = ChoosePetUITests;
			productName = ChoosePetUITests;
			productReference = C69073FB1CFFAE150013C981 /* ChoosePetUITests.xctest */;
			productType = "com.apple.product-type.bundle.ui-testing";
		};
/* End PBXNativeTarget section */

/* Begin PBXProject section */
		C69073D11CFFAE150013C981 /* Project object */ = {
			isa = PBXProject;
			attributes = {
				LastSwiftUpdateCheck = 0730;
				LastUpgradeCheck = 0730;
				ORGANIZATIONNAME = choosepet;
				TargetAttributes = {
					C69073D81CFFAE150013C981 = {
						CreatedOnToolsVersion = 7.3.1;
						DevelopmentTeam = SK437XS9VX;
					};
					C69073EF1CFFAE150013C981 = {
						CreatedOnToolsVersion = 7.3.1;
						DevelopmentTeam = SK437XS9VX;
						TestTargetID = C69073D81CFFAE150013C981;
					};
					C69073FA1CFFAE150013C981 = {
						CreatedOnToolsVersion = 7.3.1;
						DevelopmentTeam = SK437XS9VX;
						TestTargetID = C69073D81CFFAE150013C981;
					};
				};
			};
			buildConfigurationList = C69073D41CFFAE150013C981 /* Build configuration list for PBXProject "ChoosePet" */;
			compatibilityVersion = "Xcode 3.2";
			developmentRegion = English;
			hasScannedForEncodings = 0;
			knownRegions = (
				en,
				Base,
			);
			mainGroup = C69073D01CFFAE150013C981;
			productRefGroup = C69073DA1CFFAE150013C981 /* Products */;
			projectDirPath = "";
			projectRoot = "";
			targets = (
				C69073D81CFFAE150013C981 /* ChoosePet */,
				C69073EF1CFFAE150013C981 /* ChoosePetTests */,
				C69073FA1CFFAE150013C981 /* ChoosePetUITests */,
			);
		};
/* End PBXProject section */

/* Begin PBXResourcesBuildPhase section */
		C69073D71CFFAE150013C981 /* Resources */ = {
			isa = PBXResourcesBuildPhase;
			buildActionMask = 2147483647;
			files = (
				C69073EA1CFFAE150013C981 /* LaunchScreen.storyboard in Resources */,
				C690740E1CFFAECC0013C981 /* GoogleService-Info.plist in Resources */,
				C69073E71CFFAE150013C981 /* Assets.xcassets in Resources */,
				C69073E21CFFAE150013C981 /* Main.storyboard in Resources */,
			);
			runOnlyForDeploymentPostprocessing = 0;
		};
		C69073EE1CFFAE150013C981 /* Resources */ = {
			isa = PBXResourcesBuildPhase;
			buildActionMask = 2147483647;
			files = (
			);
			runOnlyForDeploymentPostprocessing = 0;
		};
		C69073F91CFFAE150013C981 /* Resources */ = {
			isa = PBXResourcesBuildPhase;
			buildActionMask = 2147483647;
			files = (
			);
			runOnlyForDeploymentPostprocessing = 0;
		};
/* End PBXResourcesBuildPhase section */

/* Begin PBXShellScriptBuildPhase section */
		0276C577CF48ADB81BF72386 /* 📦 Check Pods Manifest.lock */ = {
			isa = PBXShellScriptBuildPhase;
			buildActionMask = 2147483647;
			files = (
			);
			inputPaths = (
			);
			name = "📦 Check Pods Manifest.lock";
			outputPaths = (
			);
			runOnlyForDeploymentPostprocessing = 0;
			shellPath = /bin/sh;
			shellScript = "diff \"${PODS_ROOT}/../Podfile.lock\" \"${PODS_ROOT}/Manifest.lock\" > /dev/null\nif [[ $? != 0 ]] ; then\n    cat << EOM\nerror: The sandbox is not in sync with the Podfile.lock. Run 'pod install' or update your CocoaPods installation.\nEOM\n    exit 1\nfi\n";
			showEnvVarsInLog = 0;
		};
		BDFFBD40FB3D2442A454D22D /* 📦 Embed Pods Frameworks */ = {
			isa = PBXShellScriptBuildPhase;
			buildActionMask = 2147483647;
			files = (
			);
			inputPaths = (
			);
			name = "📦 Embed Pods Frameworks";
			outputPaths = (
			);
			runOnlyForDeploymentPostprocessing = 0;
			shellPath = /bin/sh;
			shellScript = "\"${SRCROOT}/Pods/Target Support Files/Pods-ChoosePet/Pods-ChoosePet-frameworks.sh\"\n";
			showEnvVarsInLog = 0;
		};
		CE9DAA66AADDF4C2FA10189F /* 📦 Copy Pods Resources */ = {
			isa = PBXShellScriptBuildPhase;
			buildActionMask = 2147483647;
			files = (
			);
			inputPaths = (
			);
			name = "📦 Copy Pods Resources";
			outputPaths = (
			);
			runOnlyForDeploymentPostprocessing = 0;
			shellPath = /bin/sh;
			shellScript = "\"${SRCROOT}/Pods/Target Support Files/Pods-ChoosePet/Pods-ChoosePet-resources.sh\"\n";
			showEnvVarsInLog = 0;
		};
/* End PBXShellScriptBuildPhase section */

/* Begin PBXSourcesBuildPhase section */
		C69073D51CFFAE150013C981 /* Sources */ = {
			isa = PBXSourcesBuildPhase;
			buildActionMask = 2147483647;
			files = (
				C69073DF1CFFAE150013C981 /* ViewController.swift in Sources */,
				C69074121CFFCC960013C981 /* TabBarController.swift in Sources */,
				C69073DD1CFFAE150013C981 /* AppDelegate.swift in Sources */,
				C69073E51CFFAE150013C981 /* ChoosePet.xcdatamodeld in Sources */,
				C69074151CFFCE4E0013C981 /* UIColor.swift in Sources */,
			);
			runOnlyForDeploymentPostprocessing = 0;
		};
		C69073EC1CFFAE150013C981 /* Sources */ = {
			isa = PBXSourcesBuildPhase;
			buildActionMask = 2147483647;
			files = (
				C69073F51CFFAE150013C981 /* ChoosePetTests.swift in Sources */,
			);
			runOnlyForDeploymentPostprocessing = 0;
		};
		C69073F71CFFAE150013C981 /* Sources */ = {
			isa = PBXSourcesBuildPhase;
			buildActionMask = 2147483647;
			files = (
				C69074001CFFAE150013C981 /* ChoosePetUITests.swift in Sources */,
			);
			runOnlyForDeploymentPostprocessing = 0;
		};
/* End PBXSourcesBuildPhase section */

/* Begin PBXTargetDependency section */
		C69073F21CFFAE150013C981 /* PBXTargetDependency */ = {
			isa = PBXTargetDependency;
			target = C69073D81CFFAE150013C981 /* ChoosePet */;
			targetProxy = C69073F11CFFAE150013C981 /* PBXContainerItemProxy */;
		};
		C69073FD1CFFAE150013C981 /* PBXTargetDependency */ = {
			isa = PBXTargetDependency;
			target = C69073D81CFFAE150013C981 /* ChoosePet */;
			targetProxy = C69073FC1CFFAE150013C981 /* PBXContainerItemProxy */;
		};
/* End PBXTargetDependency section */

/* Begin PBXVariantGroup section */
		C69073E01CFFAE150013C981 /* Main.storyboard */ = {
			isa = PBXVariantGroup;
			children = (
				C69073E11CFFAE150013C981 /* Base */,
			);
			name = Main.storyboard;
			sourceTree = "<group>";
		};
		C69073E81CFFAE150013C981 /* LaunchScreen.storyboard */ = {
			isa = PBXVariantGroup;
			children = (
				C69073E91CFFAE150013C981 /* Base */,
			);
			name = LaunchScreen.storyboard;
			sourceTree = "<group>";
		};
/* End PBXVariantGroup section */

/* Begin XCBuildConfiguration section */
		C69074021CFFAE150013C981 /* Debug */ = {
			isa = XCBuildConfiguration;
			buildSettings = {
				ALWAYS_SEARCH_USER_PATHS = NO;
				CLANG_ANALYZER_NONNULL = YES;
				CLANG_CXX_LANGUAGE_STANDARD = "gnu++0x";
				CLANG_CXX_LIBRARY = "libc++";
				CLANG_ENABLE_MODULES = YES;
				CLANG_ENABLE_OBJC_ARC = YES;
				CLANG_WARN_BOOL_CONVERSION = YES;
				CLANG_WARN_CONSTANT_CONVERSION = YES;
				CLANG_WARN_DIRECT_OBJC_ISA_USAGE = YES_ERROR;
				CLANG_WARN_EMPTY_BODY = YES;
				CLANG_WARN_ENUM_CONVERSION = YES;
				CLANG_WARN_INT_CONVERSION = YES;
				CLANG_WARN_OBJC_ROOT_CLASS = YES_ERROR;
				CLANG_WARN_UNREACHABLE_CODE = YES;
				CLANG_WARN__DUPLICATE_METHOD_MATCH = YES;
				"CODE_SIGN_IDENTITY[sdk=iphoneos*]" = "iPhone Developer";
				COPY_PHASE_STRIP = NO;
				DEBUG_INFORMATION_FORMAT = dwarf;
				ENABLE_STRICT_OBJC_MSGSEND = YES;
				ENABLE_TESTABILITY = YES;
				GCC_C_LANGUAGE_STANDARD = gnu99;
				GCC_DYNAMIC_NO_PIC = NO;
				GCC_NO_COMMON_BLOCKS = YES;
				GCC_OPTIMIZATION_LEVEL = 0;
				GCC_PREPROCESSOR_DEFINITIONS = (
					"DEBUG=1",
					"$(inherited)",
				);
				GCC_WARN_64_TO_32_BIT_CONVERSION = YES;
				GCC_WARN_ABOUT_RETURN_TYPE = YES_ERROR;
				GCC_WARN_UNDECLARED_SELECTOR = YES;
				GCC_WARN_UNINITIALIZED_AUTOS = YES_AGGRESSIVE;
				GCC_WARN_UNUSED_FUNCTION = YES;
				GCC_WARN_UNUSED_VARIABLE = YES;
				IPHONEOS_DEPLOYMENT_TARGET = 9.3;
				MTL_ENABLE_DEBUG_INFO = YES;
				ONLY_ACTIVE_ARCH = YES;
				SDKROOT = iphoneos;
				SWIFT_OPTIMIZATION_LEVEL = "-Onone";
				TARGETED_DEVICE_FAMILY = "1,2";
			};
			name = Debug;
		};
		C69074031CFFAE150013C981 /* Release */ = {
			isa = XCBuildConfiguration;
			buildSettings = {
				ALWAYS_SEARCH_USER_PATHS = NO;
				CLANG_ANALYZER_NONNULL = YES;
				CLANG_CXX_LANGUAGE_STANDARD = "gnu++0x";
				CLANG_CXX_LIBRARY = "libc++";
				CLANG_ENABLE_MODULES = YES;
				CLANG_ENABLE_OBJC_ARC = YES;
				CLANG_WARN_BOOL_CONVERSION = YES;
				CLANG_WARN_CONSTANT_CONVERSION = YES;
				CLANG_WARN_DIRECT_OBJC_ISA_USAGE = YES_ERROR;
				CLANG_WARN_EMPTY_BODY = YES;
				CLANG_WARN_ENUM_CONVERSION = YES;
				CLANG_WARN_INT_CONVERSION = YES;
				CLANG_WARN_OBJC_ROOT_CLASS = YES_ERROR;
				CLANG_WARN_UNREACHABLE_CODE = YES;
				CLANG_WARN__DUPLICATE_METHOD_MATCH = YES;
				"CODE_SIGN_IDENTITY[sdk=iphoneos*]" = "iPhone Developer";
				COPY_PHASE_STRIP = NO;
				DEBUG_INFORMATION_FORMAT = "dwarf-with-dsym";
				ENABLE_NS_ASSERTIONS = NO;
				ENABLE_STRICT_OBJC_MSGSEND = YES;
				GCC_C_LANGUAGE_STANDARD = gnu99;
				GCC_NO_COMMON_BLOCKS = YES;
				GCC_WARN_64_TO_32_BIT_CONVERSION = YES;
				GCC_WARN_ABOUT_RETURN_TYPE = YES_ERROR;
				GCC_WARN_UNDECLARED_SELECTOR = YES;
				GCC_WARN_UNINITIALIZED_AUTOS = YES_AGGRESSIVE;
				GCC_WARN_UNUSED_FUNCTION = YES;
				GCC_WARN_UNUSED_VARIABLE = YES;
				IPHONEOS_DEPLOYMENT_TARGET = 9.3;
				MTL_ENABLE_DEBUG_INFO = NO;
				SDKROOT = iphoneos;
				TARGETED_DEVICE_FAMILY = "1,2";
				VALIDATE_PRODUCT = YES;
			};
			name = Release;
		};
		C69074051CFFAE150013C981 /* Debug */ = {
			isa = XCBuildConfiguration;
			baseConfigurationReference = 5C413590531DE70A2C9C0A75 /* Pods-ChoosePet.debug.xcconfig */;
			buildSettings = {
				ASSETCATALOG_COMPILER_APPICON_NAME = AppIcon;
				INFOPLIST_FILE = ChoosePet/Info.plist;
				LD_RUNPATH_SEARCH_PATHS = "$(inherited) @executable_path/Frameworks";
				PRODUCT_BUNDLE_IDENTIFIER = com.choosepet.ChoosePet;
				PRODUCT_NAME = "$(TARGET_NAME)";
			};
			name = Debug;
		};
		C69074061CFFAE150013C981 /* Release */ = {
			isa = XCBuildConfiguration;
			baseConfigurationReference = FB4140997ADCE63A97B1C09F /* Pods-ChoosePet.release.xcconfig */;
			buildSettings = {
				ASSETCATALOG_COMPILER_APPICON_NAME = AppIcon;
				INFOPLIST_FILE = ChoosePet/Info.plist;
				LD_RUNPATH_SEARCH_PATHS = "$(inherited) @executable_path/Frameworks";
				PRODUCT_BUNDLE_IDENTIFIER = com.choosepet.ChoosePet;
				PRODUCT_NAME = "$(TARGET_NAME)";
			};
			name = Release;
		};
		C69074081CFFAE150013C981 /* Debug */ = {
			isa = XCBuildConfiguration;
			buildSettings = {
				BUNDLE_LOADER = "$(TEST_HOST)";
				INFOPLIST_FILE = ChoosePetTests/Info.plist;
				LD_RUNPATH_SEARCH_PATHS = "$(inherited) @executable_path/Frameworks @loader_path/Frameworks";
				PRODUCT_BUNDLE_IDENTIFIER = com.choosepet.ChoosePetTests;
				PRODUCT_NAME = "$(TARGET_NAME)";
				TEST_HOST = "$(BUILT_PRODUCTS_DIR)/ChoosePet.app/ChoosePet";
			};
			name = Debug;
		};
		C69074091CFFAE150013C981 /* Release */ = {
			isa = XCBuildConfiguration;
			buildSettings = {
				BUNDLE_LOADER = "$(TEST_HOST)";
				INFOPLIST_FILE = ChoosePetTests/Info.plist;
				LD_RUNPATH_SEARCH_PATHS = "$(inherited) @executable_path/Frameworks @loader_path/Frameworks";
				PRODUCT_BUNDLE_IDENTIFIER = com.choosepet.ChoosePetTests;
				PRODUCT_NAME = "$(TARGET_NAME)";
				TEST_HOST = "$(BUILT_PRODUCTS_DIR)/ChoosePet.app/ChoosePet";
			};
			name = Release;
		};
		C690740B1CFFAE150013C981 /* Debug */ = {
			isa = XCBuildConfiguration;
			buildSettings = {
				INFOPLIST_FILE = ChoosePetUITests/Info.plist;
				LD_RUNPATH_SEARCH_PATHS = "$(inherited) @executable_path/Frameworks @loader_path/Frameworks";
				PRODUCT_BUNDLE_IDENTIFIER = com.choosepet.ChoosePetUITests;
				PRODUCT_NAME = "$(TARGET_NAME)";
				TEST_TARGET_NAME = ChoosePet;
			};
			name = Debug;
		};
		C690740C1CFFAE150013C981 /* Release */ = {
			isa = XCBuildConfiguration;
			buildSettings = {
				INFOPLIST_FILE = ChoosePetUITests/Info.plist;
				LD_RUNPATH_SEARCH_PATHS = "$(inherited) @executable_path/Frameworks @loader_path/Frameworks";
				PRODUCT_BUNDLE_IDENTIFIER = com.choosepet.ChoosePetUITests;
				PRODUCT_NAME = "$(TARGET_NAME)";
				TEST_TARGET_NAME = ChoosePet;
			};
			name = Release;
		};
/* End XCBuildConfiguration section */

/* Begin XCConfigurationList section */
		C69073D41CFFAE150013C981 /* Build configuration list for PBXProject "ChoosePet" */ = {
			isa = XCConfigurationList;
			buildConfigurations = (
				C69074021CFFAE150013C981 /* Debug */,
				C69074031CFFAE150013C981 /* Release */,
			);
			defaultConfigurationIsVisible = 0;
			defaultConfigurationName = Release;
		};
		C69074041CFFAE150013C981 /* Build configuration list for PBXNativeTarget "ChoosePet" */ = {
			isa = XCConfigurationList;
			buildConfigurations = (
				C69074051CFFAE150013C981 /* Debug */,
				C69074061CFFAE150013C981 /* Release */,
			);
			defaultConfigurationIsVisible = 0;
			defaultConfigurationName = Release;
		};
		C69074071CFFAE150013C981 /* Build configuration list for PBXNativeTarget "ChoosePetTests" */ = {
			isa = XCConfigurationList;
			buildConfigurations = (
				C69074081CFFAE150013C981 /* Debug */,
				C69074091CFFAE150013C981 /* Release */,
			);
			defaultConfigurationIsVisible = 0;
			defaultConfigurationName = Release;
		};
		C690740A1CFFAE150013C981 /* Build configuration list for PBXNativeTarget "ChoosePetUITests" */ = {
			isa = XCConfigurationList;
			buildConfigurations = (
				C690740B1CFFAE150013C981 /* Debug */,
				C690740C1CFFAE150013C981 /* Release */,
			);
			defaultConfigurationIsVisible = 0;
			defaultConfigurationName = Release;
		};
/* End XCConfigurationList section */

/* Begin XCVersionGroup section */
		C69073E31CFFAE150013C981 /* ChoosePet.xcdatamodeld */ = {
			isa = XCVersionGroup;
			children = (
				C69073E41CFFAE150013C981 /* ChoosePet.xcdatamodel */,
			);
			currentVersion = C69073E41CFFAE150013C981 /* ChoosePet.xcdatamodel */;
			path = ChoosePet.xcdatamodeld;
			sourceTree = "<group>";
			versionGroupType = wrapper.xcdatamodel;
		};
/* End XCVersionGroup section */
	};
	rootObject = C69073D11CFFAE150013C981 /* Project object */;
}
